PODS:
  - Flutter (1.0.0)
  - tiktok_login_flutter (0.0.1):
    - Flutter
    - TikTokOpenSDK (~> 5.0.14)
  - TikTokOpenSDK (5.0.15)

DEPENDENCIES:
  - Flutter (from `Flutter`)
  - tiktok_login_flutter (from `.symlinks/plugins/tiktok_login_flutter/ios`)

SPEC REPOS:
  trunk:
    - TikTokOpenSDK

EXTERNAL SOURCES:
  Flutter:
    :path: Flutter
  tiktok_login_flutter:
    :path: ".symlinks/plugins/tiktok_login_flutter/ios"

SPEC CHECKSUMS:
  Flutter: e0871f40cf51350855a761d2e70bf5af5b9b5de7
  tiktok_login_flutter: 574c799f943c7ba0a8f1d865ebcefec3208ad6dc
  TikTokOpenSDK: dc1199ba9c6d7815aee0eaca6ec80ad13f7d9c1f

PODFILE CHECKSUM: 57c8aed26fba39d3ec9424816221f294a07c58eb

COCOAPODS: 1.15.2
